
Microsoft Visual Studio Solution File, Format Version 12.00
# Visual Studio Version 17
VisualStudioVersion = 17.3.32825.248
MinimumVisualStudioVersion = 10.0.40219.1
Project("{778DAE3C-4631-46EA-AA77-85C1314464D9}") = "Window Mover", "Window Mover.vbproj", "{C03EE38C-CCC2-4EB5-8C0E-1B56F9C773A1}"
EndProject
Global
	GlobalSection(SolutionConfigurationPlatforms) = preSolution
		Debug|Any CPU = Debug|Any CPU
		Release|Any CPU = Release|Any CPU
	EndGlobalSection
	GlobalSection(ProjectConfigurationPlatforms) = postSolution
		{C03EE38C-CCC2-4EB5-8C0E-1B56F9C773A1}.Debug|Any CPU.ActiveCfg = Debug|Any CPU
		{C03EE38C-CCC2-4EB5-8C0E-1B56F9C773A1}.Debug|Any CPU.Build.0 = Debug|Any CPU
		{C03EE38C-CCC2-4EB5-8C0E-1B56F9C773A1}.Release|Any CPU.ActiveCfg = Release|Any CPU
		{C03EE38C-CCC2-4EB5-8C0E-1B56F9C773A1}.Release|Any CPU.Build.0 = Release|Any CPU
	EndGlobalSection
	GlobalSection(SolutionProperties) = preSolution
		HideSolutionNode = FALSE
	EndGlobalSection
	GlobalSection(ExtensibilityGlobals) = postSolution
		SolutionGuid = {520F8A65-5360-4FB1-B9E8-AEC01257AE7F}
	EndGlobalSection
EndGlobal
